PODS:
  - device_info_plus (0.0.1):
    - Flutter
  - Flutter (1.0.0)
  - flutter_printer_sdk (1.0.0):
    - Flutter
  - integration_test (0.0.1):
    - Flutter
  - pdfx (1.0.0):
    - Flutter

DEPENDENCIES:
  - device_info_plus (from `.symlinks/plugins/device_info_plus/ios`)
  - Flutter (from `Flutter`)
  - flutter_printer_sdk (from `.symlinks/plugins/flutter_printer_sdk/ios`)
  - integration_test (from `.symlinks/plugins/integration_test/ios`)
  - pdfx (from `.symlinks/plugins/pdfx/ios`)

EXTERNAL SOURCES:
  device_info_plus:
    :path: ".symlinks/plugins/device_info_plus/ios"
  Flutter:
    :path: Flutter
  flutter_printer_sdk:
    :path: ".symlinks/plugins/flutter_printer_sdk/ios"
  integration_test:
    :path: ".symlinks/plugins/integration_test/ios"
  pdfx:
    :path: ".symlinks/plugins/pdfx/ios"

SPEC CHECKSUMS:
  device_info_plus: c6fb39579d0f423935b0c9ce7ee2f44b71b9fce6
  Flutter: e0871f40cf51350855a761d2e70bf5af5b9b5de7
  flutter_printer_sdk: 116c86fed4fdee40e8031a471d30a5f9f0649756
  integration_test: 13825b8a9334a850581300559b8839134b124670
  pdfx: 7b876b09de8b7a0bf444a4f82b439ffcff4ee1ec

PODFILE CHECKSUM: 6e700dec67e6deac9b1c69bb14c49a2217a12d15

COCOAPODS: 1.15.2
